%{"exutils": {:git, "git://github.com/timCF/exutils.git", "70f53fdc469972218edb612a35fbb00c1c4706b6", []},
  "hashex": {:git, "git://github.com/timCF/hashex.git", "c7ca84eb4659615c822b28a67eac0d2b45fcfe9d", []},
  "tinca": {:git, "git://github.com/timCF/tinca.git", "0682148a9452052b52e5476273b551ec57dcde9c", []}}
